// !$*UTF8*$!
{
	archiveVersion = 1;
	classes = {
	};
	objectVersion = 50;
	objects = {

/* Begin PBXBuildFile section */
		A9984D4C226D90E600D57A6D /* models.scnassets in Resources */ = {isa = PBXBuildFile; fileRef = A9984D4B226D90E600D57A6D /* models.scnassets */; };
		A9A729762269864D00D06EE8 /* Main.storyboard in Resources */ = {isa = PBXBuildFile; fileRef = A9A729742269864D00D06EE8 /* Main.storyboard */; };
		A9B59F5E226856A90067C9A4 /* AppDelegate.swift in Sources */ = {isa = PBXBuildFile; fileRef = A9B59F5D226856A90067C9A4 /* AppDelegate.swift */; };
		A9B59F60226856A90067C9A4 /* ViewController.swift in Sources */ = {isa = PBXBuildFile; fileRef = A9B59F5F226856A90067C9A4 /* ViewController.swift */; };
		A9B59F65226856AA0067C9A4 /* Assets.xcassets in Resources */ = {isa = PBXBuildFile; fileRef = A9B59F64226856AA0067C9A4 /* Assets.xcassets */; };
		A9B59F68226856AA0067C9A4 /* LaunchScreen.storyboard in Resources */ = {isa = PBXBuildFile; fileRef = A9B59F66226856AA0067C9A4 /* LaunchScreen.storyboard */; };
		A9B59F73226856AA0067C9A4 /* putTests.swift in Sources */ = {isa = PBXBuildFile; fileRef = A9B59F72226856AA0067C9A4 /* putTests.swift */; };
		A9B59F7E226856AA0067C9A4 /* putUITests.swift in Sources */ = {isa = PBXBuildFile; fileRef = A9B59F7D226856AA0067C9A4 /* putUITests.swift */; };
/* End PBXBuildFile section */

/* Begin PBXContainerItemProxy section */
		A9B59F6F226856AA0067C9A4 /* PBXContainerItemProxy */ = {
			isa = PBXContainerItemProxy;
			containerPortal = A9B59F52226856A90067C9A4 /* Project object */;
			proxyType = 1;
			remoteGlobalIDString = A9B59F59226856A90067C9A4;
			remoteInfo = put;
		};
		A9B59F7A226856AA0067C9A4 /* PBXContainerItemProxy */ = {
			isa = PBXContainerItemProxy;
			containerPortal = A9B59F52226856A90067C9A4 /* Project object */;
			proxyType = 1;
			remoteGlobalIDString = A9B59F59226856A90067C9A4;
			remoteInfo = put;
		};
/* End PBXContainerItemProxy section */

/* Begin PBXFileReference section */
		A9984D4B226D90E600D57A6D /* models.scnassets */ = {isa = PBXFileReference; lastKnownFileType = wrapper.scnassets; path = models.scnassets; sourceTree = "<group>"; };
		A9A729752269864D00D06EE8 /* Base */ = {isa = PBXFileReference; lastKnownFileType = file.storyboard; name = Base; path = ../../arapp/arapp/Base.lproj/Main.storyboard; sourceTree = "<group>"; };
		A9B59F5A226856A90067C9A4 /* put.app */ = {isa = PBXFileReference; explicitFileType = wrapper.application; includeInIndex = 0; path = put.app; sourceTree = BUILT_PRODUCTS_DIR; };
		A9B59F5D226856A90067C9A4 /* AppDelegate.swift */ = {isa = PBXFileReference; lastKnownFileType = sourcecode.swift; path = AppDelegate.swift; sourceTree = "<group>"; };
		A9B59F5F226856A90067C9A4 /* ViewController.swift */ = {isa = PBXFileReference; lastKnownFileType = sourcecode.swift; path = ViewController.swift; sourceTree = "<group>"; };
		A9B59F64226856AA0067C9A4 /* Assets.xcassets */ = {isa = PBXFileReference; lastKnownFileType = folder.assetcatalog; path = Assets.xcassets; sourceTree = "<group>"; };
		A9B59F67226856AA0067C9A4 /* Base */ = {isa = PBXFileReference; lastKnownFileType = file.storyboard; name = Base; path = Base.lproj/LaunchScreen.storyboard; sourceTree = "<group>"; };
		A9B59F69226856AA0067C9A4 /* Info.plist */ = {isa = PBXFileReference; lastKnownFileType = text.plist.xml; path = Info.plist; sourceTree = "<group>"; };
		A9B59F6E226856AA0067C9A4 /* putTests.xctest */ = {isa = PBXFileReference; explicitFileType = wrapper.cfbundle; includeInIndex = 0; path = putTests.xctest; sourceTree = BUILT_PRODUCTS_DIR; };
		A9B59F72226856AA0067C9A4 /* putTests.swift */ = {isa = PBXFileReference; lastKnownFileType = sourcecode.swift; path = putTests.swift; sourceTree = "<group>"; };
		A9B59F74226856AA0067C9A4 /* Info.plist */ = {isa = PBXFileReference; lastKnownFileType = text.plist.xml; path = Info.plist; sourceTree = "<group>"; };
		A9B59F79226856AA0067C9A4 /* putUITests.xctest */ = {isa = PBXFileReference; explicitFileType = wrapper.cfbundle; includeInIndex = 0; path = putUITests.xctest; sourceTree = BUILT_PRODUCTS_DIR; };
		A9B59F7D226856AA0067C9A4 /* putUITests.swift */ = {isa = PBXFileReference; lastKnownFileType = sourcecode.swift; path = putUITests.swift; sourceTree = "<group>"; };
		A9B59F7F226856AA0067C9A4 /* Info.plist */ = {isa = PBXFileReference; lastKnownFileType = text.plist.xml; path = Info.plist; sourceTree = "<group>"; };
/* End PBXFileReference section */

/* Begin PBXFrameworksBuildPhase section */
		A9B59F57226856A90067C9A4 /* Frameworks */ = {
			isa = PBXFrameworksBuildPhase;
			buildActionMask = 2147483647;
			files = (
			);
			runOnlyForDeploymentPostprocessing = 0;
		};
		A9B59F6B226856AA0067C9A4 /* Frameworks */ = {
			isa = PBXFrameworksBuildPhase;
			buildActionMask = 2147483647;
			files = (
			);
			runOnlyForDeploymentPostprocessing = 0;
		};
		A9B59F76226856AA0067C9A4 /* Frameworks */ = {
			isa = PBXFrameworksBuildPhase;
			buildActionMask = 2147483647;
			files = (
			);
			runOnlyForDeploymentPostprocessing = 0;
		};
/* End PBXFrameworksBuildPhase section */

/* Begin PBXGroup section */
		A9B59F51226856A90067C9A4 = {
			isa = PBXGroup;
			children = (
				A9B59F5C226856A90067C9A4 /* put */,
				A9B59F71226856AA0067C9A4 /* putTests */,
				A9B59F7C226856AA0067C9A4 /* putUITests */,
				A9B59F5B226856A90067C9A4 /* Products */,
			);
			sourceTree = "<group>";
		};
		A9B59F5B226856A90067C9A4 /* Products */ = {
			isa = PBXGroup;
			children = (
				A9B59F5A226856A90067C9A4 /* put.app */,
				A9B59F6E226856AA0067C9A4 /* putTests.xctest */,
				A9B59F79226856AA0067C9A4 /* putUITests.xctest */,
			);
			name = Products;
			sourceTree = "<group>";
		};
		A9B59F5C226856A90067C9A4 /* put */ = {
			isa = PBXGroup;
			children = (
				A9B59F5D226856A90067C9A4 /* AppDelegate.swift */,
				A9B59F5F226856A90067C9A4 /* ViewController.swift */,
				A9984D4B226D90E600D57A6D /* models.scnassets */,
				A9B59F64226856AA0067C9A4 /* Assets.xcassets */,
				A9B59F66226856AA0067C9A4 /* LaunchScreen.storyboard */,
				A9B59F69226856AA0067C9A4 /* Info.plist */,
				A9A729742269864D00D06EE8 /* Main.storyboard */,
			);
			path = put;
			sourceTree = "<group>";
		};
		A9B59F71226856AA0067C9A4 /* putTests */ = {
			isa = PBXGroup;
			children = (
				A9B59F72226856AA0067C9A4 /* putTests.swift */,
				A9B59F74226856AA0067C9A4 /* Info.plist */,
			);
			path = putTests;
			sourceTree = "<group>";
		};
		A9B59F7C226856AA0067C9A4 /* putUITests */ = {
			isa = PBXGroup;
			children = (
				A9B59F7D226856AA0067C9A4 /* putUITests.swift */,
				A9B59F7F226856AA0067C9A4 /* Info.plist */,
			);
			path = putUITests;
			sourceTree = "<group>";
		};
/* End PBXGroup section */

/* Begin PBXNativeTarget section */
		A9B59F59226856A90067C9A4 /* put */ = {
			isa = PBXNativeTarget;
			buildConfigurationList = A9B59F82226856AA0067C9A4 /* Build configuration list for PBXNativeTarget "put" */;
			buildPhases = (
				A9B59F56226856A90067C9A4 /* Sources */,
				A9B59F57226856A90067C9A4 /* Frameworks */,
				A9B59F58226856A90067C9A4 /* Resources */,
			);
			buildRules = (
			);
			dependencies = (
			);
			name = put;
			productName = put;
			productReference = A9B59F5A226856A90067C9A4 /* put.app */;
			productType = "com.apple.product-type.application";
		};
		A9B59F6D226856AA0067C9A4 /* putTests */ = {
			isa = PBXNativeTarget;
			buildConfigurationList = A9B59F85226856AA0067C9A4 /* Build configuration list for PBXNativeTarget "putTests" */;
			buildPhases = (
				A9B59F6A226856AA0067C9A4 /* Sources */,
				A9B59F6B226856AA0067C9A4 /* Frameworks */,
				A9B59F6C226856AA0067C9A4 /* Resources */,
			);
			buildRules = (
			);
			dependencies = (
				A9B59F70226856AA0067C9A4 /* PBXTargetDependency */,
			);
			name = putTests;
			productName = putTests;
			productReference = A9B59F6E226856AA0067C9A4 /* putTests.xctest */;
			productType = "com.apple.product-type.bundle.unit-test";
		};
		A9B59F78226856AA0067C9A4 /* putUITests */ = {
			isa = PBXNativeTarget;
			buildConfigurationList = A9B59F88226856AA0067C9A4 /* Build configuration list for PBXNativeTarget "putUITests" */;
			buildPhases = (
				A9B59F75226856AA0067C9A4 /* Sources */,
				A9B59F76226856AA0067C9A4 /* Frameworks */,
				A9B59F77226856AA0067C9A4 /* Resources */,
			);
			buildRules = (
			);
			dependencies = (
				A9B59F7B226856AA0067C9A4 /* PBXTargetDependency */,
			);
			name = putUITests;
			productName = putUITests;
			productReference = A9B59F79226856AA0067C9A4 /* putUITests.xctest */;
			productType = "com.apple.product-type.bundle.ui-testing";
		};
/* End PBXNativeTarget section */

/* Begin PBXProject section */
		A9B59F52226856A90067C9A4 /* Project object */ = {
			isa = PBXProject;
			attributes = {
				LastSwiftUpdateCheck = 1020;
				LastUpgradeCheck = 1020;
				ORGANIZATIONNAME = "Nakamura Tsukasa";
				TargetAttributes = {
					A9B59F59226856A90067C9A4 = {
						CreatedOnToolsVersion = 10.2;
					};
					A9B59F6D226856AA0067C9A4 = {
						CreatedOnToolsVersion = 10.2;
						TestTargetID = A9B59F59226856A90067C9A4;
					};
					A9B59F78226856AA0067C9A4 = {
						CreatedOnToolsVersion = 10.2;
						TestTargetID = A9B59F59226856A90067C9A4;
					};
				};
			};
			buildConfigurationList = A9B59F55226856A90067C9A4 /* Build configuration list for PBXProject "put" */;
			compatibilityVersion = "Xcode 9.3";
			developmentRegion = en;
			hasScannedForEncodings = 0;
			knownRegions = (
				en,
				Base,
			);
			mainGroup = A9B59F51226856A90067C9A4;
			productRefGroup = A9B59F5B226856A90067C9A4 /* Products */;
			projectDirPath = "";
			projectRoot = "";
			targets = (
				A9B59F59226856A90067C9A4 /* put */,
				A9B59F6D226856AA0067C9A4 /* putTests */,
				A9B59F78226856AA0067C9A4 /* putUITests */,
			);
		};
/* End PBXProject section */

/* Begin PBXResourcesBuildPhase section */
		A9B59F58226856A90067C9A4 /* Resources */ = {
			isa = PBXResourcesBuildPhase;
			buildActionMask = 2147483647;
			files = (
				A9B59F68226856AA0067C9A4 /* LaunchScreen.storyboard in Resources */,
				A9B59F65226856AA0067C9A4 /* Assets.xcassets in Resources */,
				A9984D4C226D90E600D57A6D /* models.scnassets in Resources */,
				A9A729762269864D00D06EE8 /* Main.storyboard in Resources */,
			);
			runOnlyForDeploymentPostprocessing = 0;
		};
		A9B59F6C226856AA0067C9A4 /* Resources */ = {
			isa = PBXResourcesBuildPhase;
			buildActionMask = 2147483647;
			files = (
			);
			runOnlyForDeploymentPostprocessing = 0;
		};
		A9B59F77226856AA0067C9A4 /* Resources */ = {
			isa = PBXResourcesBuildPhase;
			buildActionMask = 2147483647;
			files = (
			);
			runOnlyForDeploymentPostprocessing = 0;
		};
/* End PBXResourcesBuildPhase section */

/* Begin PBXSourcesBuildPhase section */
		A9B59F56226856A90067C9A4 /* Sources */ = {
			isa = PBXSourcesBuildPhase;
			buildActionMask = 2147483647;
			files = (
				A9B59F60226856A90067C9A4 /* ViewController.swift in Sources */,
				A9B59F5E226856A90067C9A4 /* AppDelegate.swift in Sources */,
			);
			runOnlyForDeploymentPostprocessing = 0;
		};
		A9B59F6A226856AA0067C9A4 /* Sources */ = {
			isa = PBXSourcesBuildPhase;
			buildActionMask = 2147483647;
			files = (
				A9B59F73226856AA0067C9A4 /* putTests.swift in Sources */,
			);
			runOnlyForDeploymentPostprocessing = 0;
		};
		A9B59F75226856AA0067C9A4 /* Sources */ = {
			isa = PBXSourcesBuildPhase;
			buildActionMask = 2147483647;
			files = (
				A9B59F7E226856AA0067C9A4 /* putUITests.swift in Sources */,
			);
			runOnlyForDeploymentPostprocessing = 0;
		};
/* End PBXSourcesBuildPhase section */

/* Begin PBXTargetDependency section */
		A9B59F70226856AA0067C9A4 /* PBXTargetDependency */ = {
			isa = PBXTargetDependency;
			target = A9B59F59226856A90067C9A4 /* put */;
			targetProxy = A9B59F6F226856AA0067C9A4 /* PBXContainerItemProxy */;
		};
		A9B59F7B226856AA0067C9A4 /* PBXTargetDependency */ = {
			isa = PBXTargetDependency;
			target = A9B59F59226856A90067C9A4 /* put */;
			targetProxy = A9B59F7A226856AA0067C9A4 /* PBXContainerItemProxy */;
		};
/* End PBXTargetDependency section */

/* Begin PBXVariantGroup section */
		A9A729742269864D00D06EE8 /* Main.storyboard */ = {
			isa = PBXVariantGroup;
			children = (
				A9A729752269864D00D06EE8 /* Base */,
			);
			name = Main.storyboard;
			sourceTree = "<group>";
		};
		A9B59F66226856AA0067C9A4 /* LaunchScreen.storyboard */ = {
			isa = PBXVariantGroup;
			children = (
				A9B59F67226856AA0067C9A4 /* Base */,
			);
			name = LaunchScreen.storyboard;
			sourceTree = "<group>";
		};
/* End PBXVariantGroup section */

/* Begin XCBuildConfiguration section */
		A9B59F80226856AA0067C9A4 /* Debug */ = {
			isa = XCBuildConfiguration;
			buildSettings = {
				ALWAYS_SEARCH_USER_PATHS = NO;
				CLANG_ANALYZER_NONNULL = YES;
				CLANG_ANALYZER_NUMBER_OBJECT_CONVERSION = YES_AGGRESSIVE;
				CLANG_CXX_LANGUAGE_STANDARD = "gnu++14";
				CLANG_CXX_LIBRARY = "libc++";
				CLANG_ENABLE_MODULES = YES;
				CLANG_ENABLE_OBJC_ARC = YES;
				CLANG_ENABLE_OBJC_WEAK = YES;
				CLANG_WARN_BLOCK_CAPTURE_AUTORELEASING = YES;
				CLANG_WARN_BOOL_CONVERSION = YES;
				CLANG_WARN_COMMA = YES;
				CLANG_WARN_CONSTANT_CONVERSION = YES;
				CLANG_WARN_DEPRECATED_OBJC_IMPLEMENTATIONS = YES;
				CLANG_WARN_DIRECT_OBJC_ISA_USAGE = YES_ERROR;
				CLANG_WARN_DOCUMENTATION_COMMENTS = YES;
				CLANG_WARN_EMPTY_BODY = YES;
				CLANG_WARN_ENUM_CONVERSION = YES;
				CLANG_WARN_INFINITE_RECURSION = YES;
				CLANG_WARN_INT_CONVERSION = YES;
				CLANG_WARN_NON_LITERAL_NULL_CONVERSION = YES;
				CLANG_WARN_OBJC_IMPLICIT_RETAIN_SELF = YES;
				CLANG_WARN_OBJC_LITERAL_CONVERSION = YES;
				CLANG_WARN_OBJC_ROOT_CLASS = YES_ERROR;
				CLANG_WARN_RANGE_LOOP_ANALYSIS = YES;
				CLANG_WARN_STRICT_PROTOTYPES = YES;
				CLANG_WARN_SUSPICIOUS_MOVE = YES;
				CLANG_WARN_UNGUARDED_AVAILABILITY = YES_AGGRESSIVE;
				CLANG_WARN_UNREACHABLE_CODE = YES;
				CLANG_WARN__DUPLICATE_METHOD_MATCH = YES;
				CODE_SIGN_IDENTITY = "iPhone Developer";
				COPY_PHASE_STRIP = NO;
				DEBUG_INFORMATION_FORMAT = dwarf;
				ENABLE_STRICT_OBJC_MSGSEND = YES;
				ENABLE_TESTABILITY = YES;
				GCC_C_LANGUAGE_STANDARD = gnu11;
				GCC_DYNAMIC_NO_PIC = NO;
				GCC_NO_COMMON_BLOCKS = YES;
				GCC_OPTIMIZATION_LEVEL = 0;
				GCC_PREPROCESSOR_DEFINITIONS = (
					"DEBUG=1",
					"$(inherited)",
				);
				GCC_WARN_64_TO_32_BIT_CONVERSION = YES;
				GCC_WARN_ABOUT_RETURN_TYPE = YES_ERROR;
				GCC_WARN_UNDECLARED_SELECTOR = YES;
				GCC_WARN_UNINITIALIZED_AUTOS = YES_AGGRESSIVE;
				GCC_WARN_UNUSED_FUNCTION = YES;
				GCC_WARN_UNUSED_VARIABLE = YES;
				IPHONEOS_DEPLOYMENT_TARGET = 12.2;
				MTL_ENABLE_DEBUG_INFO = INCLUDE_SOURCE;
				MTL_FAST_MATH = YES;
				ONLY_ACTIVE_ARCH = YES;
				SDKROOT = iphoneos;
				SWIFT_ACTIVE_COMPILATION_CONDITIONS = DEBUG;
				SWIFT_OPTIMIZATION_LEVEL = "-Onone";
			};
			name = Debug;
		};
		A9B59F81226856AA0067C9A4 /* Release */ = {
			isa = XCBuildConfiguration;
			buildSettings = {
				ALWAYS_SEARCH_USER_PATHS = NO;
				CLANG_ANALYZER_NONNULL = YES;
				CLANG_ANALYZER_NUMBER_OBJECT_CONVERSION = YES_AGGRESSIVE;
				CLANG_CXX_LANGUAGE_STANDARD = "gnu++14";
				CLANG_CXX_LIBRARY = "libc++";
				CLANG_ENABLE_MODULES = YES;
				CLANG_ENABLE_OBJC_ARC = YES;
				CLANG_ENABLE_OBJC_WEAK = YES;
				CLANG_WARN_BLOCK_CAPTURE_AUTORELEASING = YES;
				CLANG_WARN_BOOL_CONVERSION = YES;
				CLANG_WARN_COMMA = YES;
				CLANG_WARN_CONSTANT_CONVERSION = YES;
				CLANG_WARN_DEPRECATED_OBJC_IMPLEMENTATIONS = YES;
				CLANG_WARN_DIRECT_OBJC_ISA_USAGE = YES_ERROR;
				CLANG_WARN_DOCUMENTATION_COMMENTS = YES;
				CLANG_WARN_EMPTY_BODY = YES;
				CLANG_WARN_ENUM_CONVERSION = YES;
				CLANG_WARN_INFINITE_RECURSION = YES;
				CLANG_WARN_INT_CONVERSION = YES;
				CLANG_WARN_NON_LITERAL_NULL_CONVERSION = YES;
				CLANG_WARN_OBJC_IMPLICIT_RETAIN_SELF = YES;
				CLANG_WARN_OBJC_LITERAL_CONVERSION = YES;
				CLANG_WARN_OBJC_ROOT_CLASS = YES_ERROR;
				CLANG_WARN_RANGE_LOOP_ANALYSIS = YES;
				CLANG_WARN_STRICT_PROTOTYPES = YES;
				CLANG_WARN_SUSPICIOUS_MOVE = YES;
				CLANG_WARN_UNGUARDED_AVAILABILITY = YES_AGGRESSIVE;
				CLANG_WARN_UNREACHABLE_CODE = YES;
				CLANG_WARN__DUPLICATE_METHOD_MATCH = YES;
				CODE_SIGN_IDENTITY = "iPhone Developer";
				COPY_PHASE_STRIP = NO;
				DEBUG_INFORMATION_FORMAT = "dwarf-with-dsym";
				ENABLE_NS_ASSERTIONS = NO;
				ENABLE_STRICT_OBJC_MSGSEND = YES;
				GCC_C_LANGUAGE_STANDARD = gnu11;
				GCC_NO_COMMON_BLOCKS = YES;
				GCC_WARN_64_TO_32_BIT_CONVERSION = YES;
				GCC_WARN_ABOUT_RETURN_TYPE = YES_ERROR;
				GCC_WARN_UNDECLARED_SELECTOR = YES;
				GCC_WARN_UNINITIALIZED_AUTOS = YES_AGGRESSIVE;
				GCC_WARN_UNUSED_FUNCTION = YES;
				GCC_WARN_UNUSED_VARIABLE = YES;
				IPHONEOS_DEPLOYMENT_TARGET = 12.2;
				MTL_ENABLE_DEBUG_INFO = NO;
				MTL_FAST_MATH = YES;
				SDKROOT = iphoneos;
				SWIFT_COMPILATION_MODE = wholemodule;
				SWIFT_OPTIMIZATION_LEVEL = "-O";
				VALIDATE_PRODUCT = YES;
			};
			name = Release;
		};
		A9B59F83226856AA0067C9A4 /* Debug */ = {
			isa = XCBuildConfiguration;
			buildSettings = {
				ASSETCATALOG_COMPILER_APPICON_NAME = AppIcon;
				CODE_SIGN_STYLE = Automatic;
				DEVELOPMENT_TEAM = 2G689R7LLD;
				INFOPLIST_FILE = put/Info.plist;
				LD_RUNPATH_SEARCH_PATHS = (
					"$(inherited)",
					"@executable_path/Frameworks",
				);
				PRODUCT_BUNDLE_IDENTIFIER = com3.put;
				PRODUCT_NAME = "$(TARGET_NAME)";
				SWIFT_VERSION = 5.0;
				TARGETED_DEVICE_FAMILY = "1,2";
			};
			name = Debug;
		};
		A9B59F84226856AA0067C9A4 /* Release */ = {
			isa = XCBuildConfiguration;
			buildSettings = {
				ASSETCATALOG_COMPILER_APPICON_NAME = AppIcon;
				CODE_SIGN_STYLE = Automatic;
				DEVELOPMENT_TEAM = 2G689R7LLD;
				INFOPLIST_FILE = put/Info.plist;
				LD_RUNPATH_SEARCH_PATHS = (
					"$(inherited)",
					"@executable_path/Frameworks",
				);
				PRODUCT_BUNDLE_IDENTIFIER = com3.put;
				PRODUCT_NAME = "$(TARGET_NAME)";
				SWIFT_VERSION = 5.0;
				TARGETED_DEVICE_FAMILY = "1,2";
			};
			name = Release;
		};
		A9B59F86226856AA0067C9A4 /* Debug */ = {
			isa = XCBuildConfiguration;
			buildSettings = {
				ALWAYS_EMBED_SWIFT_STANDARD_LIBRARIES = YES;
				BUNDLE_LOADER = "$(TEST_HOST)";
				CODE_SIGN_STYLE = Automatic;
				DEVELOPMENT_TEAM = 2G689R7LLD;
				INFOPLIST_FILE = putTests/Info.plist;
				LD_RUNPATH_SEARCH_PATHS = (
					"$(inherited)",
					"@executable_path/Frameworks",
					"@loader_path/Frameworks",
				);
				PRODUCT_BUNDLE_IDENTIFIER = com3.putTests;
				PRODUCT_NAME = "$(TARGET_NAME)";
				SWIFT_VERSION = 5.0;
				TARGETED_DEVICE_FAMILY = "1,2";
				TEST_HOST = "$(BUILT_PRODUCTS_DIR)/put.app/put";
			};
			name = Debug;
		};
		A9B59F87226856AA0067C9A4 /* Release */ = {
			isa = XCBuildConfiguration;
			buildSettings = {
				ALWAYS_EMBED_SWIFT_STANDARD_LIBRARIES = YES;
				BUNDLE_LOADER = "$(TEST_HOST)";
				CODE_SIGN_STYLE = Automatic;
				DEVELOPMENT_TEAM = 2G689R7LLD;
				INFOPLIST_FILE = putTests/Info.plist;
				LD_RUNPATH_SEARCH_PATHS = (
					"$(inherited)",
					"@executable_path/Frameworks",
					"@loader_path/Frameworks",
				);
				PRODUCT_BUNDLE_IDENTIFIER = com3.putTests;
				PRODUCT_NAME = "$(TARGET_NAME)";
				SWIFT_VERSION = 5.0;
				TARGETED_DEVICE_FAMILY = "1,2";
				TEST_HOST = "$(BUILT_PRODUCTS_DIR)/put.app/put";
			};
			name = Release;
		};
		A9B59F89226856AA0067C9A4 /* Debug */ = {
			isa = XCBuildConfiguration;
			buildSettings = {
				ALWAYS_EMBED_SWIFT_STANDARD_LIBRARIES = YES;
				CODE_SIGN_STYLE = Automatic;
				DEVELOPMENT_TEAM = 2G689R7LLD;
				INFOPLIST_FILE = putUITests/Info.plist;
				LD_RUNPATH_SEARCH_PATHS = (
					"$(inherited)",
					"@executable_path/Frameworks",
					"@loader_path/Frameworks",
				);
				PRODUCT_BUNDLE_IDENTIFIER = com3.putUITests;
				PRODUCT_NAME = "$(TARGET_NAME)";
				SWIFT_VERSION = 5.0;
				TARGETED_DEVICE_FAMILY = "1,2";
				TEST_TARGET_NAME = put;
			};
			name = Debug;
		};
		A9B59F8A226856AA0067C9A4 /* Release */ = {
			isa = XCBuildConfiguration;
			buildSettings = {
				ALWAYS_EMBED_SWIFT_STANDARD_LIBRARIES = YES;
				CODE_SIGN_STYLE = Automatic;
				DEVELOPMENT_TEAM = 2G689R7LLD;
				INFOPLIST_FILE = putUITests/Info.plist;
				LD_RUNPATH_SEARCH_PATHS = (
					"$(inherited)",
					"@executable_path/Frameworks",
					"@loader_path/Frameworks",
				);
				PRODUCT_BUNDLE_IDENTIFIER = com3.putUITests;
				PRODUCT_NAME = "$(TARGET_NAME)";
				SWIFT_VERSION = 5.0;
				TARGETED_DEVICE_FAMILY = "1,2";
				TEST_TARGET_NAME = put;
			};
			name = Release;
		};
/* End XCBuildConfiguration section */

/* Begin XCConfigurationList section */
		A9B59F55226856A90067C9A4 /* Build configuration list for PBXProject "put" */ = {
			isa = XCConfigurationList;
			buildConfigurations = (
				A9B59F80226856AA0067C9A4 /* Debug */,
				A9B59F81226856AA0067C9A4 /* Release */,
			);
			defaultConfigurationIsVisible = 0;
			defaultConfigurationName = Release;
		};
		A9B59F82226856AA0067C9A4 /* Build configuration list for PBXNativeTarget "put" */ = {
			isa = XCConfigurationList;
			buildConfigurations = (
				A9B59F83226856AA0067C9A4 /* Debug */,
				A9B59F84226856AA0067C9A4 /* Release */,
			);
			defaultConfigurationIsVisible = 0;
			defaultConfigurationName = Release;
		};
		A9B59F85226856AA0067C9A4 /* Build configuration list for PBXNativeTarget "putTests" */ = {
			isa = XCConfigurationList;
			buildConfigurations = (
				A9B59F86226856AA0067C9A4 /* Debug */,
				A9B59F87226856AA0067C9A4 /* Release */,
			);
			defaultConfigurationIsVisible = 0;
			defaultConfigurationName = Release;
		};
		A9B59F88226856AA0067C9A4 /* Build configuration list for PBXNativeTarget "putUITests" */ = {
			isa = XCConfigurationList;
			buildConfigurations = (
				A9B59F89226856AA0067C9A4 /* Debug */,
				A9B59F8A226856AA0067C9A4 /* Release */,
			);
			defaultConfigurationIsVisible = 0;
			defaultConfigurationName = Release;
		};
/* End XCConfigurationList section */
	};
	rootObject = A9B59F52226856A90067C9A4 /* Project object */;
}
