// !$*UTF8*$!
{
	archiveVersion = 1;
	classes = {
	};
	objectVersion = 50;
	objects = {

/* Begin PBXBuildFile section */
		A9FD934C2267180100A5D518 /* AppDelegate.swift in Sources */ = {isa = PBXBuildFile; fileRef = A9FD934B2267180100A5D518 /* AppDelegate.swift */; };
		A9FD934E2267180100A5D518 /* ViewController.swift in Sources */ = {isa = PBXBuildFile; fileRef = A9FD934D2267180100A5D518 /* ViewController.swift */; };
		A9FD93512267180100A5D518 /* Main.storyboard in Resources */ = {isa = PBXBuildFile; fileRef = A9FD934F2267180100A5D518 /* Main.storyboard */; };
		A9FD93532267180200A5D518 /* Assets.xcassets in Resources */ = {isa = PBXBuildFile; fileRef = A9FD93522267180200A5D518 /* Assets.xcassets */; };
		A9FD93562267180200A5D518 /* LaunchScreen.storyboard in Resources */ = {isa = PBXBuildFile; fileRef = A9FD93542267180200A5D518 /* LaunchScreen.storyboard */; };
		A9FD93612267180200A5D518 /* arappTests.swift in Sources */ = {isa = PBXBuildFile; fileRef = A9FD93602267180200A5D518 /* arappTests.swift */; };
		A9FD936C2267180200A5D518 /* arappUITests.swift in Sources */ = {isa = PBXBuildFile; fileRef = A9FD936B2267180200A5D518 /* arappUITests.swift */; };
/* End PBXBuildFile section */

/* Begin PBXContainerItemProxy section */
		A9FD935D2267180200A5D518 /* PBXContainerItemProxy */ = {
			isa = PBXContainerItemProxy;
			containerPortal = A9FD93402267180100A5D518 /* Project object */;
			proxyType = 1;
			remoteGlobalIDString = A9FD93472267180100A5D518;
			remoteInfo = arapp;
		};
		A9FD93682267180200A5D518 /* PBXContainerItemProxy */ = {
			isa = PBXContainerItemProxy;
			containerPortal = A9FD93402267180100A5D518 /* Project object */;
			proxyType = 1;
			remoteGlobalIDString = A9FD93472267180100A5D518;
			remoteInfo = arapp;
		};
/* End PBXContainerItemProxy section */

/* Begin PBXFileReference section */
		A9FD93482267180100A5D518 /* arapp.app */ = {isa = PBXFileReference; explicitFileType = wrapper.application; includeInIndex = 0; path = arapp.app; sourceTree = BUILT_PRODUCTS_DIR; };
		A9FD934B2267180100A5D518 /* AppDelegate.swift */ = {isa = PBXFileReference; lastKnownFileType = sourcecode.swift; path = AppDelegate.swift; sourceTree = "<group>"; };
		A9FD934D2267180100A5D518 /* ViewController.swift */ = {isa = PBXFileReference; lastKnownFileType = sourcecode.swift; path = ViewController.swift; sourceTree = "<group>"; };
		A9FD93502267180100A5D518 /* Base */ = {isa = PBXFileReference; lastKnownFileType = file.storyboard; name = Base; path = Base.lproj/Main.storyboard; sourceTree = "<group>"; };
		A9FD93522267180200A5D518 /* Assets.xcassets */ = {isa = PBXFileReference; lastKnownFileType = folder.assetcatalog; path = Assets.xcassets; sourceTree = "<group>"; };
		A9FD93552267180200A5D518 /* Base */ = {isa = PBXFileReference; lastKnownFileType = file.storyboard; name = Base; path = Base.lproj/LaunchScreen.storyboard; sourceTree = "<group>"; };
		A9FD93572267180200A5D518 /* Info.plist */ = {isa = PBXFileReference; lastKnownFileType = text.plist.xml; path = Info.plist; sourceTree = "<group>"; };
		A9FD935C2267180200A5D518 /* arappTests.xctest */ = {isa = PBXFileReference; explicitFileType = wrapper.cfbundle; includeInIndex = 0; path = arappTests.xctest; sourceTree = BUILT_PRODUCTS_DIR; };
		A9FD93602267180200A5D518 /* arappTests.swift */ = {isa = PBXFileReference; lastKnownFileType = sourcecode.swift; path = arappTests.swift; sourceTree = "<group>"; };
		A9FD93622267180200A5D518 /* Info.plist */ = {isa = PBXFileReference; lastKnownFileType = text.plist.xml; path = Info.plist; sourceTree = "<group>"; };
		A9FD93672267180200A5D518 /* arappUITests.xctest */ = {isa = PBXFileReference; explicitFileType = wrapper.cfbundle; includeInIndex = 0; path = arappUITests.xctest; sourceTree = BUILT_PRODUCTS_DIR; };
		A9FD936B2267180200A5D518 /* arappUITests.swift */ = {isa = PBXFileReference; lastKnownFileType = sourcecode.swift; path = arappUITests.swift; sourceTree = "<group>"; };
		A9FD936D2267180200A5D518 /* Info.plist */ = {isa = PBXFileReference; lastKnownFileType = text.plist.xml; path = Info.plist; sourceTree = "<group>"; };
/* End PBXFileReference section */

/* Begin PBXFrameworksBuildPhase section */
		A9FD93452267180100A5D518 /* Frameworks */ = {
			isa = PBXFrameworksBuildPhase;
			buildActionMask = 2147483647;
			files = (
			);
			runOnlyForDeploymentPostprocessing = 0;
		};
		A9FD93592267180200A5D518 /* Frameworks */ = {
			isa = PBXFrameworksBuildPhase;
			buildActionMask = 2147483647;
			files = (
			);
			runOnlyForDeploymentPostprocessing = 0;
		};
		A9FD93642267180200A5D518 /* Frameworks */ = {
			isa = PBXFrameworksBuildPhase;
			buildActionMask = 2147483647;
			files = (
			);
			runOnlyForDeploymentPostprocessing = 0;
		};
/* End PBXFrameworksBuildPhase section */

/* Begin PBXGroup section */
		A9FD933F2267180100A5D518 = {
			isa = PBXGroup;
			children = (
				A9FD934A2267180100A5D518 /* arapp */,
				A9FD935F2267180200A5D518 /* arappTests */,
				A9FD936A2267180200A5D518 /* arappUITests */,
				A9FD93492267180100A5D518 /* Products */,
			);
			sourceTree = "<group>";
		};
		A9FD93492267180100A5D518 /* Products */ = {
			isa = PBXGroup;
			children = (
				A9FD93482267180100A5D518 /* arapp.app */,
				A9FD935C2267180200A5D518 /* arappTests.xctest */,
				A9FD93672267180200A5D518 /* arappUITests.xctest */,
			);
			name = Products;
			sourceTree = "<group>";
		};
		A9FD934A2267180100A5D518 /* arapp */ = {
			isa = PBXGroup;
			children = (
				A9FD934B2267180100A5D518 /* AppDelegate.swift */,
				A9FD934D2267180100A5D518 /* ViewController.swift */,
				A9FD934F2267180100A5D518 /* Main.storyboard */,
				A9FD93522267180200A5D518 /* Assets.xcassets */,
				A9FD93542267180200A5D518 /* LaunchScreen.storyboard */,
				A9FD93572267180200A5D518 /* Info.plist */,
			);
			path = arapp;
			sourceTree = "<group>";
		};
		A9FD935F2267180200A5D518 /* arappTests */ = {
			isa = PBXGroup;
			children = (
				A9FD93602267180200A5D518 /* arappTests.swift */,
				A9FD93622267180200A5D518 /* Info.plist */,
			);
			path = arappTests;
			sourceTree = "<group>";
		};
		A9FD936A2267180200A5D518 /* arappUITests */ = {
			isa = PBXGroup;
			children = (
				A9FD936B2267180200A5D518 /* arappUITests.swift */,
				A9FD936D2267180200A5D518 /* Info.plist */,
			);
			path = arappUITests;
			sourceTree = "<group>";
		};
/* End PBXGroup section */

/* Begin PBXNativeTarget section */
		A9FD93472267180100A5D518 /* arapp */ = {
			isa = PBXNativeTarget;
			buildConfigurationList = A9FD93702267180200A5D518 /* Build configuration list for PBXNativeTarget "arapp" */;
			buildPhases = (
				A9FD93442267180100A5D518 /* Sources */,
				A9FD93452267180100A5D518 /* Frameworks */,
				A9FD93462267180100A5D518 /* Resources */,
			);
			buildRules = (
			);
			dependencies = (
			);
			name = arapp;
			productName = arapp;
			productReference = A9FD93482267180100A5D518 /* arapp.app */;
			productType = "com.apple.product-type.application";
		};
		A9FD935B2267180200A5D518 /* arappTests */ = {
			isa = PBXNativeTarget;
			buildConfigurationList = A9FD93732267180200A5D518 /* Build configuration list for PBXNativeTarget "arappTests" */;
			buildPhases = (
				A9FD93582267180200A5D518 /* Sources */,
				A9FD93592267180200A5D518 /* Frameworks */,
				A9FD935A2267180200A5D518 /* Resources */,
			);
			buildRules = (
			);
			dependencies = (
				A9FD935E2267180200A5D518 /* PBXTargetDependency */,
			);
			name = arappTests;
			productName = arappTests;
			productReference = A9FD935C2267180200A5D518 /* arappTests.xctest */;
			productType = "com.apple.product-type.bundle.unit-test";
		};
		A9FD93662267180200A5D518 /* arappUITests */ = {
			isa = PBXNativeTarget;
			buildConfigurationList = A9FD93762267180200A5D518 /* Build configuration list for PBXNativeTarget "arappUITests" */;
			buildPhases = (
				A9FD93632267180200A5D518 /* Sources */,
				A9FD93642267180200A5D518 /* Frameworks */,
				A9FD93652267180200A5D518 /* Resources */,
			);
			buildRules = (
			);
			dependencies = (
				A9FD93692267180200A5D518 /* PBXTargetDependency */,
			);
			name = arappUITests;
			productName = arappUITests;
			productReference = A9FD93672267180200A5D518 /* arappUITests.xctest */;
			productType = "com.apple.product-type.bundle.ui-testing";
		};
/* End PBXNativeTarget section */

/* Begin PBXProject section */
		A9FD93402267180100A5D518 /* Project object */ = {
			isa = PBXProject;
			attributes = {
				LastSwiftUpdateCheck = 1020;
				LastUpgradeCheck = 1020;
				ORGANIZATIONNAME = "Nakamura Tsukasa";
				TargetAttributes = {
					A9FD93472267180100A5D518 = {
						CreatedOnToolsVersion = 10.2;
					};
					A9FD935B2267180200A5D518 = {
						CreatedOnToolsVersion = 10.2;
						TestTargetID = A9FD93472267180100A5D518;
					};
					A9FD93662267180200A5D518 = {
						CreatedOnToolsVersion = 10.2;
						TestTargetID = A9FD93472267180100A5D518;
					};
				};
			};
			buildConfigurationList = A9FD93432267180100A5D518 /* Build configuration list for PBXProject "arapp" */;
			compatibilityVersion = "Xcode 9.3";
			developmentRegion = en;
			hasScannedForEncodings = 0;
			knownRegions = (
				en,
				Base,
			);
			mainGroup = A9FD933F2267180100A5D518;
			productRefGroup = A9FD93492267180100A5D518 /* Products */;
			projectDirPath = "";
			projectRoot = "";
			targets = (
				A9FD93472267180100A5D518 /* arapp */,
				A9FD935B2267180200A5D518 /* arappTests */,
				A9FD93662267180200A5D518 /* arappUITests */,
			);
		};
/* End PBXProject section */

/* Begin PBXResourcesBuildPhase section */
		A9FD93462267180100A5D518 /* Resources */ = {
			isa = PBXResourcesBuildPhase;
			buildActionMask = 2147483647;
			files = (
				A9FD93562267180200A5D518 /* LaunchScreen.storyboard in Resources */,
				A9FD93532267180200A5D518 /* Assets.xcassets in Resources */,
				A9FD93512267180100A5D518 /* Main.storyboard in Resources */,
			);
			runOnlyForDeploymentPostprocessing = 0;
		};
		A9FD935A2267180200A5D518 /* Resources */ = {
			isa = PBXResourcesBuildPhase;
			buildActionMask = 2147483647;
			files = (
			);
			runOnlyForDeploymentPostprocessing = 0;
		};
		A9FD93652267180200A5D518 /* Resources */ = {
			isa = PBXResourcesBuildPhase;
			buildActionMask = 2147483647;
			files = (
			);
			runOnlyForDeploymentPostprocessing = 0;
		};
/* End PBXResourcesBuildPhase section */

/* Begin PBXSourcesBuildPhase section */
		A9FD93442267180100A5D518 /* Sources */ = {
			isa = PBXSourcesBuildPhase;
			buildActionMask = 2147483647;
			files = (
				A9FD934E2267180100A5D518 /* ViewController.swift in Sources */,
				A9FD934C2267180100A5D518 /* AppDelegate.swift in Sources */,
			);
			runOnlyForDeploymentPostprocessing = 0;
		};
		A9FD93582267180200A5D518 /* Sources */ = {
			isa = PBXSourcesBuildPhase;
			buildActionMask = 2147483647;
			files = (
				A9FD93612267180200A5D518 /* arappTests.swift in Sources */,
			);
			runOnlyForDeploymentPostprocessing = 0;
		};
		A9FD93632267180200A5D518 /* Sources */ = {
			isa = PBXSourcesBuildPhase;
			buildActionMask = 2147483647;
			files = (
				A9FD936C2267180200A5D518 /* arappUITests.swift in Sources */,
			);
			runOnlyForDeploymentPostprocessing = 0;
		};
/* End PBXSourcesBuildPhase section */

/* Begin PBXTargetDependency section */
		A9FD935E2267180200A5D518 /* PBXTargetDependency */ = {
			isa = PBXTargetDependency;
			target = A9FD93472267180100A5D518 /* arapp */;
			targetProxy = A9FD935D2267180200A5D518 /* PBXContainerItemProxy */;
		};
		A9FD93692267180200A5D518 /* PBXTargetDependency */ = {
			isa = PBXTargetDependency;
			target = A9FD93472267180100A5D518 /* arapp */;
			targetProxy = A9FD93682267180200A5D518 /* PBXContainerItemProxy */;
		};
/* End PBXTargetDependency section */

/* Begin PBXVariantGroup section */
		A9FD934F2267180100A5D518 /* Main.storyboard */ = {
			isa = PBXVariantGroup;
			children = (
				A9FD93502267180100A5D518 /* Base */,
			);
			name = Main.storyboard;
			sourceTree = "<group>";
		};
		A9FD93542267180200A5D518 /* LaunchScreen.storyboard */ = {
			isa = PBXVariantGroup;
			children = (
				A9FD93552267180200A5D518 /* Base */,
			);
			name = LaunchScreen.storyboard;
			sourceTree = "<group>";
		};
/* End PBXVariantGroup section */

/* Begin XCBuildConfiguration section */
		A9FD936E2267180200A5D518 /* Debug */ = {
			isa = XCBuildConfiguration;
			buildSettings = {
				ALWAYS_SEARCH_USER_PATHS = NO;
				CLANG_ANALYZER_NONNULL = YES;
				CLANG_ANALYZER_NUMBER_OBJECT_CONVERSION = YES_AGGRESSIVE;
				CLANG_CXX_LANGUAGE_STANDARD = "gnu++14";
				CLANG_CXX_LIBRARY = "libc++";
				CLANG_ENABLE_MODULES = YES;
				CLANG_ENABLE_OBJC_ARC = YES;
				CLANG_ENABLE_OBJC_WEAK = YES;
				CLANG_WARN_BLOCK_CAPTURE_AUTORELEASING = YES;
				CLANG_WARN_BOOL_CONVERSION = YES;
				CLANG_WARN_COMMA = YES;
				CLANG_WARN_CONSTANT_CONVERSION = YES;
				CLANG_WARN_DEPRECATED_OBJC_IMPLEMENTATIONS = YES;
				CLANG_WARN_DIRECT_OBJC_ISA_USAGE = YES_ERROR;
				CLANG_WARN_DOCUMENTATION_COMMENTS = YES;
				CLANG_WARN_EMPTY_BODY = YES;
				CLANG_WARN_ENUM_CONVERSION = YES;
				CLANG_WARN_INFINITE_RECURSION = YES;
				CLANG_WARN_INT_CONVERSION = YES;
				CLANG_WARN_NON_LITERAL_NULL_CONVERSION = YES;
				CLANG_WARN_OBJC_IMPLICIT_RETAIN_SELF = YES;
				CLANG_WARN_OBJC_LITERAL_CONVERSION = YES;
				CLANG_WARN_OBJC_ROOT_CLASS = YES_ERROR;
				CLANG_WARN_RANGE_LOOP_ANALYSIS = YES;
				CLANG_WARN_STRICT_PROTOTYPES = YES;
				CLANG_WARN_SUSPICIOUS_MOVE = YES;
				CLANG_WARN_UNGUARDED_AVAILABILITY = YES_AGGRESSIVE;
				CLANG_WARN_UNREACHABLE_CODE = YES;
				CLANG_WARN__DUPLICATE_METHOD_MATCH = YES;
				CODE_SIGN_IDENTITY = "iPhone Developer";
				COPY_PHASE_STRIP = NO;
				DEBUG_INFORMATION_FORMAT = dwarf;
				ENABLE_STRICT_OBJC_MSGSEND = YES;
				ENABLE_TESTABILITY = YES;
				GCC_C_LANGUAGE_STANDARD = gnu11;
				GCC_DYNAMIC_NO_PIC = NO;
				GCC_NO_COMMON_BLOCKS = YES;
				GCC_OPTIMIZATION_LEVEL = 0;
				GCC_PREPROCESSOR_DEFINITIONS = (
					"DEBUG=1",
					"$(inherited)",
				);
				GCC_WARN_64_TO_32_BIT_CONVERSION = YES;
				GCC_WARN_ABOUT_RETURN_TYPE = YES_ERROR;
				GCC_WARN_UNDECLARED_SELECTOR = YES;
				GCC_WARN_UNINITIALIZED_AUTOS = YES_AGGRESSIVE;
				GCC_WARN_UNUSED_FUNCTION = YES;
				GCC_WARN_UNUSED_VARIABLE = YES;
				IPHONEOS_DEPLOYMENT_TARGET = 12.2;
				MTL_ENABLE_DEBUG_INFO = INCLUDE_SOURCE;
				MTL_FAST_MATH = YES;
				ONLY_ACTIVE_ARCH = YES;
				SDKROOT = iphoneos;
				SWIFT_ACTIVE_COMPILATION_CONDITIONS = DEBUG;
				SWIFT_OPTIMIZATION_LEVEL = "-Onone";
			};
			name = Debug;
		};
		A9FD936F2267180200A5D518 /* Release */ = {
			isa = XCBuildConfiguration;
			buildSettings = {
				ALWAYS_SEARCH_USER_PATHS = NO;
				CLANG_ANALYZER_NONNULL = YES;
				CLANG_ANALYZER_NUMBER_OBJECT_CONVERSION = YES_AGGRESSIVE;
				CLANG_CXX_LANGUAGE_STANDARD = "gnu++14";
				CLANG_CXX_LIBRARY = "libc++";
				CLANG_ENABLE_MODULES = YES;
				CLANG_ENABLE_OBJC_ARC = YES;
				CLANG_ENABLE_OBJC_WEAK = YES;
				CLANG_WARN_BLOCK_CAPTURE_AUTORELEASING = YES;
				CLANG_WARN_BOOL_CONVERSION = YES;
				CLANG_WARN_COMMA = YES;
				CLANG_WARN_CONSTANT_CONVERSION = YES;
				CLANG_WARN_DEPRECATED_OBJC_IMPLEMENTATIONS = YES;
				CLANG_WARN_DIRECT_OBJC_ISA_USAGE = YES_ERROR;
				CLANG_WARN_DOCUMENTATION_COMMENTS = YES;
				CLANG_WARN_EMPTY_BODY = YES;
				CLANG_WARN_ENUM_CONVERSION = YES;
				CLANG_WARN_INFINITE_RECURSION = YES;
				CLANG_WARN_INT_CONVERSION = YES;
				CLANG_WARN_NON_LITERAL_NULL_CONVERSION = YES;
				CLANG_WARN_OBJC_IMPLICIT_RETAIN_SELF = YES;
				CLANG_WARN_OBJC_LITERAL_CONVERSION = YES;
				CLANG_WARN_OBJC_ROOT_CLASS = YES_ERROR;
				CLANG_WARN_RANGE_LOOP_ANALYSIS = YES;
				CLANG_WARN_STRICT_PROTOTYPES = YES;
				CLANG_WARN_SUSPICIOUS_MOVE = YES;
				CLANG_WARN_UNGUARDED_AVAILABILITY = YES_AGGRESSIVE;
				CLANG_WARN_UNREACHABLE_CODE = YES;
				CLANG_WARN__DUPLICATE_METHOD_MATCH = YES;
				CODE_SIGN_IDENTITY = "iPhone Developer";
				COPY_PHASE_STRIP = NO;
				DEBUG_INFORMATION_FORMAT = "dwarf-with-dsym";
				ENABLE_NS_ASSERTIONS = NO;
				ENABLE_STRICT_OBJC_MSGSEND = YES;
				GCC_C_LANGUAGE_STANDARD = gnu11;
				GCC_NO_COMMON_BLOCKS = YES;
				GCC_WARN_64_TO_32_BIT_CONVERSION = YES;
				GCC_WARN_ABOUT_RETURN_TYPE = YES_ERROR;
				GCC_WARN_UNDECLARED_SELECTOR = YES;
				GCC_WARN_UNINITIALIZED_AUTOS = YES_AGGRESSIVE;
				GCC_WARN_UNUSED_FUNCTION = YES;
				GCC_WARN_UNUSED_VARIABLE = YES;
				IPHONEOS_DEPLOYMENT_TARGET = 12.2;
				MTL_ENABLE_DEBUG_INFO = NO;
				MTL_FAST_MATH = YES;
				SDKROOT = iphoneos;
				SWIFT_COMPILATION_MODE = wholemodule;
				SWIFT_OPTIMIZATION_LEVEL = "-O";
				VALIDATE_PRODUCT = YES;
			};
			name = Release;
		};
		A9FD93712267180200A5D518 /* Debug */ = {
			isa = XCBuildConfiguration;
			buildSettings = {
				ASSETCATALOG_COMPILER_APPICON_NAME = AppIcon;
				CODE_SIGN_STYLE = Automatic;
				DEVELOPMENT_TEAM = 2G689R7LLD;
				INFOPLIST_FILE = arapp/Info.plist;
				LD_RUNPATH_SEARCH_PATHS = (
					"$(inherited)",
					"@executable_path/Frameworks",
				);
				PRODUCT_BUNDLE_IDENTIFIER = tap.arapp;
				PRODUCT_NAME = "$(TARGET_NAME)";
				SWIFT_VERSION = 5.0;
				TARGETED_DEVICE_FAMILY = "1,2";
			};
			name = Debug;
		};
		A9FD93722267180200A5D518 /* Release */ = {
			isa = XCBuildConfiguration;
			buildSettings = {
				ASSETCATALOG_COMPILER_APPICON_NAME = AppIcon;
				CODE_SIGN_STYLE = Automatic;
				DEVELOPMENT_TEAM = 2G689R7LLD;
				INFOPLIST_FILE = arapp/Info.plist;
				LD_RUNPATH_SEARCH_PATHS = (
					"$(inherited)",
					"@executable_path/Frameworks",
				);
				PRODUCT_BUNDLE_IDENTIFIER = tap.arapp;
				PRODUCT_NAME = "$(TARGET_NAME)";
				SWIFT_VERSION = 5.0;
				TARGETED_DEVICE_FAMILY = "1,2";
			};
			name = Release;
		};
		A9FD93742267180200A5D518 /* Debug */ = {
			isa = XCBuildConfiguration;
			buildSettings = {
				ALWAYS_EMBED_SWIFT_STANDARD_LIBRARIES = YES;
				BUNDLE_LOADER = "$(TEST_HOST)";
				CODE_SIGN_STYLE = Automatic;
				DEVELOPMENT_TEAM = 2G689R7LLD;
				INFOPLIST_FILE = arappTests/Info.plist;
				LD_RUNPATH_SEARCH_PATHS = (
					"$(inherited)",
					"@executable_path/Frameworks",
					"@loader_path/Frameworks",
				);
				PRODUCT_BUNDLE_IDENTIFIER = tap.arappTests;
				PRODUCT_NAME = "$(TARGET_NAME)";
				SWIFT_VERSION = 5.0;
				TARGETED_DEVICE_FAMILY = "1,2";
				TEST_HOST = "$(BUILT_PRODUCTS_DIR)/arapp.app/arapp";
			};
			name = Debug;
		};
		A9FD93752267180200A5D518 /* Release */ = {
			isa = XCBuildConfiguration;
			buildSettings = {
				ALWAYS_EMBED_SWIFT_STANDARD_LIBRARIES = YES;
				BUNDLE_LOADER = "$(TEST_HOST)";
				CODE_SIGN_STYLE = Automatic;
				DEVELOPMENT_TEAM = 2G689R7LLD;
				INFOPLIST_FILE = arappTests/Info.plist;
				LD_RUNPATH_SEARCH_PATHS = (
					"$(inherited)",
					"@executable_path/Frameworks",
					"@loader_path/Frameworks",
				);
				PRODUCT_BUNDLE_IDENTIFIER = tap.arappTests;
				PRODUCT_NAME = "$(TARGET_NAME)";
				SWIFT_VERSION = 5.0;
				TARGETED_DEVICE_FAMILY = "1,2";
				TEST_HOST = "$(BUILT_PRODUCTS_DIR)/arapp.app/arapp";
			};
			name = Release;
		};
		A9FD93772267180200A5D518 /* Debug */ = {
			isa = XCBuildConfiguration;
			buildSettings = {
				ALWAYS_EMBED_SWIFT_STANDARD_LIBRARIES = YES;
				CODE_SIGN_STYLE = Automatic;
				DEVELOPMENT_TEAM = 2G689R7LLD;
				INFOPLIST_FILE = arappUITests/Info.plist;
				LD_RUNPATH_SEARCH_PATHS = (
					"$(inherited)",
					"@executable_path/Frameworks",
					"@loader_path/Frameworks",
				);
				PRODUCT_BUNDLE_IDENTIFIER = tap.arappUITests;
				PRODUCT_NAME = "$(TARGET_NAME)";
				SWIFT_VERSION = 5.0;
				TARGETED_DEVICE_FAMILY = "1,2";
				TEST_TARGET_NAME = arapp;
			};
			name = Debug;
		};
		A9FD93782267180200A5D518 /* Release */ = {
			isa = XCBuildConfiguration;
			buildSettings = {
				ALWAYS_EMBED_SWIFT_STANDARD_LIBRARIES = YES;
				CODE_SIGN_STYLE = Automatic;
				DEVELOPMENT_TEAM = 2G689R7LLD;
				INFOPLIST_FILE = arappUITests/Info.plist;
				LD_RUNPATH_SEARCH_PATHS = (
					"$(inherited)",
					"@executable_path/Frameworks",
					"@loader_path/Frameworks",
				);
				PRODUCT_BUNDLE_IDENTIFIER = tap.arappUITests;
				PRODUCT_NAME = "$(TARGET_NAME)";
				SWIFT_VERSION = 5.0;
				TARGETED_DEVICE_FAMILY = "1,2";
				TEST_TARGET_NAME = arapp;
			};
			name = Release;
		};
/* End XCBuildConfiguration section */

/* Begin XCConfigurationList section */
		A9FD93432267180100A5D518 /* Build configuration list for PBXProject "arapp" */ = {
			isa = XCConfigurationList;
			buildConfigurations = (
				A9FD936E2267180200A5D518 /* Debug */,
				A9FD936F2267180200A5D518 /* Release */,
			);
			defaultConfigurationIsVisible = 0;
			defaultConfigurationName = Release;
		};
		A9FD93702267180200A5D518 /* Build configuration list for PBXNativeTarget "arapp" */ = {
			isa = XCConfigurationList;
			buildConfigurations = (
				A9FD93712267180200A5D518 /* Debug */,
				A9FD93722267180200A5D518 /* Release */,
			);
			defaultConfigurationIsVisible = 0;
			defaultConfigurationName = Release;
		};
		A9FD93732267180200A5D518 /* Build configuration list for PBXNativeTarget "arappTests" */ = {
			isa = XCConfigurationList;
			buildConfigurations = (
				A9FD93742267180200A5D518 /* Debug */,
				A9FD93752267180200A5D518 /* Release */,
			);
			defaultConfigurationIsVisible = 0;
			defaultConfigurationName = Release;
		};
		A9FD93762267180200A5D518 /* Build configuration list for PBXNativeTarget "arappUITests" */ = {
			isa = XCConfigurationList;
			buildConfigurations = (
				A9FD93772267180200A5D518 /* Debug */,
				A9FD93782267180200A5D518 /* Release */,
			);
			defaultConfigurationIsVisible = 0;
			defaultConfigurationName = Release;
		};
/* End XCConfigurationList section */
	};
	rootObject = A9FD93402267180100A5D518 /* Project object */;
}
